// !$*UTF8*$!
{
	archiveVersion = 1;
	classes = {
	};
	objectVersion = 50;
	objects = {

/* Begin PBXBuildFile section */
		CB29F0D925F0D40F006B6894 /* Shared.swift in Sources */ = {isa = PBXBuildFile; fileRef = CBCEB0A925EEFF75002587E7 /* Shared.swift */; };
		CB2BDACA25EDD7E90084735C /* VocabularyLogApp.swift in Sources */ = {isa = PBXBuildFile; fileRef = CB2BDAC925EDD7E90084735C /* VocabularyLogApp.swift */; };
		CB2BDACC25EDD7E90084735C /* ContentView.swift in Sources */ = {isa = PBXBuildFile; fileRef = CB2BDACB25EDD7E90084735C /* ContentView.swift */; };
		CB2BDACE25EDD7EA0084735C /* Assets.xcassets in Resources */ = {isa = PBXBuildFile; fileRef = CB2BDACD25EDD7EA0084735C /* Assets.xcassets */; };
		CB2BDAD125EDD7EA0084735C /* Preview Assets.xcassets in Resources */ = {isa = PBXBuildFile; fileRef = CB2BDAD025EDD7EA0084735C /* Preview Assets.xcassets */; };
		CB2BDAE125EDD7FB0084735C /* Cocoa.framework in Frameworks */ = {isa = PBXBuildFile; fileRef = CB2BDAE025EDD7FB0084735C /* Cocoa.framework */; };
		CB2BDAE425EDD7FB0084735C /* SafariExtensionHandler.swift in Sources */ = {isa = PBXBuildFile; fileRef = CB2BDAE325EDD7FB0084735C /* SafariExtensionHandler.swift */; };
		CB2BDAE925EDD7FB0084735C /* script.js in Resources */ = {isa = PBXBuildFile; fileRef = CB2BDAE825EDD7FB0084735C /* script.js */; };
		CB2BDAF325EDD7FB0084735C /* VocabularyLogExtension.appex in Embed App Extensions */ = {isa = PBXBuildFile; fileRef = CB2BDADE25EDD7FB0084735C /* VocabularyLogExtension.appex */; settings = {ATTRIBUTES = (RemoveHeadersOnCopy, ); }; };
		CB2BDAFB25EDD8430084735C /* API.swift in Sources */ = {isa = PBXBuildFile; fileRef = CB2BDAFA25EDD8430084735C /* API.swift */; };
		CB2BDAFF25EDD8620084735C /* TermItem.swift in Sources */ = {isa = PBXBuildFile; fileRef = CB2BDAFE25EDD8620084735C /* TermItem.swift */; };
		CB5E493625F0E98D00A76BF1 /* compromise.js in Resources */ = {isa = PBXBuildFile; fileRef = CB5E493525F0E98D00A76BF1 /* compromise.js */; };
		CB6E1CC025EF49ED00FE3964 /* AddWordSheet.swift in Sources */ = {isa = PBXBuildFile; fileRef = CB6E1CBF25EF49ED00FE3964 /* AddWordSheet.swift */; };
		CBCEB0AA25EEFF75002587E7 /* Shared.swift in Sources */ = {isa = PBXBuildFile; fileRef = CBCEB0A925EEFF75002587E7 /* Shared.swift */; };
/* End PBXBuildFile section */

/* Begin PBXContainerItemProxy section */
		CB2BDAF125EDD7FB0084735C /* PBXContainerItemProxy */ = {
			isa = PBXContainerItemProxy;
			containerPortal = CB2BDABE25EDD7E90084735C /* Project object */;
			proxyType = 1;
			remoteGlobalIDString = CB2BDADD25EDD7FB0084735C;
			remoteInfo = VocabularyLogExtension;
		};
/* End PBXContainerItemProxy section */

/* Begin PBXCopyFilesBuildPhase section */
		CB2BDAF725EDD7FB0084735C /* Embed App Extensions */ = {
			isa = PBXCopyFilesBuildPhase;
			buildActionMask = 2147483647;
			dstPath = "";
			dstSubfolderSpec = 13;
			files = (
				CB2BDAF325EDD7FB0084735C /* VocabularyLogExtension.appex in Embed App Extensions */,
			);
			name = "Embed App Extensions";
			runOnlyForDeploymentPostprocessing = 0;
		};
/* End PBXCopyFilesBuildPhase section */

/* Begin PBXFileReference section */
		CB2BDAC625EDD7E90084735C /* VocabularyLog.app */ = {isa = PBXFileReference; explicitFileType = wrapper.application; includeInIndex = 0; path = VocabularyLog.app; sourceTree = BUILT_PRODUCTS_DIR; };
		CB2BDAC925EDD7E90084735C /* VocabularyLogApp.swift */ = {isa = PBXFileReference; lastKnownFileType = sourcecode.swift; path = VocabularyLogApp.swift; sourceTree = "<group>"; };
		CB2BDACB25EDD7E90084735C /* ContentView.swift */ = {isa = PBXFileReference; lastKnownFileType = sourcecode.swift; path = ContentView.swift; sourceTree = "<group>"; };
		CB2BDACD25EDD7EA0084735C /* Assets.xcassets */ = {isa = PBXFileReference; lastKnownFileType = folder.assetcatalog; path = Assets.xcassets; sourceTree = "<group>"; };
		CB2BDAD025EDD7EA0084735C /* Preview Assets.xcassets */ = {isa = PBXFileReference; lastKnownFileType = folder.assetcatalog; path = "Preview Assets.xcassets"; sourceTree = "<group>"; };
		CB2BDAD225EDD7EA0084735C /* Info.plist */ = {isa = PBXFileReference; lastKnownFileType = text.plist.xml; path = Info.plist; sourceTree = "<group>"; };
		CB2BDAD325EDD7EA0084735C /* VocabularyLog.entitlements */ = {isa = PBXFileReference; lastKnownFileType = text.plist.entitlements; path = VocabularyLog.entitlements; sourceTree = "<group>"; };
		CB2BDADE25EDD7FB0084735C /* VocabularyLogExtension.appex */ = {isa = PBXFileReference; explicitFileType = "wrapper.app-extension"; includeInIndex = 0; path = VocabularyLogExtension.appex; sourceTree = BUILT_PRODUCTS_DIR; };
		CB2BDAE025EDD7FB0084735C /* Cocoa.framework */ = {isa = PBXFileReference; lastKnownFileType = wrapper.framework; name = Cocoa.framework; path = System/Library/Frameworks/Cocoa.framework; sourceTree = SDKROOT; };
		CB2BDAE325EDD7FB0084735C /* SafariExtensionHandler.swift */ = {isa = PBXFileReference; lastKnownFileType = sourcecode.swift; path = SafariExtensionHandler.swift; sourceTree = "<group>"; };
		CB2BDAE825EDD7FB0084735C /* script.js */ = {isa = PBXFileReference; lastKnownFileType = sourcecode.javascript; path = script.js; sourceTree = "<group>"; };
		CB2BDAEF25EDD7FB0084735C /* Info.plist */ = {isa = PBXFileReference; lastKnownFileType = text.plist.xml; path = Info.plist; sourceTree = "<group>"; };
		CB2BDAF025EDD7FB0084735C /* VocabularyLogExtension.entitlements */ = {isa = PBXFileReference; lastKnownFileType = text.plist.entitlements; path = VocabularyLogExtension.entitlements; sourceTree = "<group>"; };
		CB2BDAFA25EDD8430084735C /* API.swift */ = {isa = PBXFileReference; lastKnownFileType = sourcecode.swift; path = API.swift; sourceTree = "<group>"; };
		CB2BDAFE25EDD8620084735C /* TermItem.swift */ = {isa = PBXFileReference; lastKnownFileType = sourcecode.swift; path = TermItem.swift; sourceTree = "<group>"; };
		CB5E493525F0E98D00A76BF1 /* compromise.js */ = {isa = PBXFileReference; lastKnownFileType = sourcecode.javascript; path = compromise.js; sourceTree = "<group>"; };
		CB6E1CBF25EF49ED00FE3964 /* AddWordSheet.swift */ = {isa = PBXFileReference; lastKnownFileType = sourcecode.swift; path = AddWordSheet.swift; sourceTree = "<group>"; };
		CBCEB0A925EEFF75002587E7 /* Shared.swift */ = {isa = PBXFileReference; lastKnownFileType = sourcecode.swift; path = Shared.swift; sourceTree = "<group>"; };
/* End PBXFileReference section */

/* Begin PBXFrameworksBuildPhase section */
		CB2BDAC325EDD7E90084735C /* Frameworks */ = {
			isa = PBXFrameworksBuildPhase;
			buildActionMask = 2147483647;
			files = (
			);
			runOnlyForDeploymentPostprocessing = 0;
		};
		CB2BDADB25EDD7FB0084735C /* Frameworks */ = {
			isa = PBXFrameworksBuildPhase;
			buildActionMask = 2147483647;
			files = (
				CB2BDAE125EDD7FB0084735C /* Cocoa.framework in Frameworks */,
			);
			runOnlyForDeploymentPostprocessing = 0;
		};
/* End PBXFrameworksBuildPhase section */

/* Begin PBXGroup section */
		CB2BDABD25EDD7E90084735C = {
			isa = PBXGroup;
			children = (
				CB2BDAC825EDD7E90084735C /* VocabularyLog */,
				CB2BDAE225EDD7FB0084735C /* VocabularyLogExtension */,
				CB2BDADF25EDD7FB0084735C /* Frameworks */,
				CB2BDAC725EDD7E90084735C /* Products */,
			);
			sourceTree = "<group>";
		};
		CB2BDAC725EDD7E90084735C /* Products */ = {
			isa = PBXGroup;
			children = (
				CB2BDAC625EDD7E90084735C /* VocabularyLog.app */,
				CB2BDADE25EDD7FB0084735C /* VocabularyLogExtension.appex */,
			);
			name = Products;
			sourceTree = "<group>";
		};
		CB2BDAC825EDD7E90084735C /* VocabularyLog */ = {
			isa = PBXGroup;
			children = (
				CBCEB0A925EEFF75002587E7 /* Shared.swift */,
				CB2BDAC925EDD7E90084735C /* VocabularyLogApp.swift */,
				CB2BDACB25EDD7E90084735C /* ContentView.swift */,
				CB2BDAFE25EDD8620084735C /* TermItem.swift */,
				CB6E1CBF25EF49ED00FE3964 /* AddWordSheet.swift */,
				CB2BDAFA25EDD8430084735C /* API.swift */,
				CB2BDACD25EDD7EA0084735C /* Assets.xcassets */,
				CB2BDAD225EDD7EA0084735C /* Info.plist */,
				CB2BDAD325EDD7EA0084735C /* VocabularyLog.entitlements */,
				CB2BDACF25EDD7EA0084735C /* Preview Content */,
			);
			path = VocabularyLog;
			sourceTree = "<group>";
		};
		CB2BDACF25EDD7EA0084735C /* Preview Content */ = {
			isa = PBXGroup;
			children = (
				CB2BDAD025EDD7EA0084735C /* Preview Assets.xcassets */,
			);
			path = "Preview Content";
			sourceTree = "<group>";
		};
		CB2BDADF25EDD7FB0084735C /* Frameworks */ = {
			isa = PBXGroup;
			children = (
				CB2BDAE025EDD7FB0084735C /* Cocoa.framework */,
			);
			name = Frameworks;
			sourceTree = "<group>";
		};
		CB2BDAE225EDD7FB0084735C /* VocabularyLogExtension */ = {
			isa = PBXGroup;
			children = (
				CB2BDAE325EDD7FB0084735C /* SafariExtensionHandler.swift */,
				CB2BDAEF25EDD7FB0084735C /* Info.plist */,
				CB2BDAF025EDD7FB0084735C /* VocabularyLogExtension.entitlements */,
				CB2BDAE725EDD7FB0084735C /* Resources */,
			);
			path = VocabularyLogExtension;
			sourceTree = "<group>";
		};
		CB2BDAE725EDD7FB0084735C /* Resources */ = {
			isa = PBXGroup;
			children = (
				CB2BDAE825EDD7FB0084735C /* script.js */,
				CB5E493525F0E98D00A76BF1 /* compromise.js */,
			);
			path = Resources;
			sourceTree = "<group>";
		};
/* End PBXGroup section */

/* Begin PBXNativeTarget section */
		CB2BDAC525EDD7E90084735C /* VocabularyLog */ = {
			isa = PBXNativeTarget;
			buildConfigurationList = CB2BDAD625EDD7EA0084735C /* Build configuration list for PBXNativeTarget "VocabularyLog" */;
			buildPhases = (
				CB2BDAC225EDD7E90084735C /* Sources */,
				CB2BDAC325EDD7E90084735C /* Frameworks */,
				CB2BDAC425EDD7E90084735C /* Resources */,
				CB2BDAF725EDD7FB0084735C /* Embed App Extensions */,
			);
			buildRules = (
			);
			dependencies = (
				CB2BDAF225EDD7FB0084735C /* PBXTargetDependency */,
			);
			name = VocabularyLog;
			productName = VocabularyLog;
			productReference = CB2BDAC625EDD7E90084735C /* VocabularyLog.app */;
			productType = "com.apple.product-type.application";
		};
		CB2BDADD25EDD7FB0084735C /* VocabularyLogExtension */ = {
			isa = PBXNativeTarget;
			buildConfigurationList = CB2BDAF425EDD7FB0084735C /* Build configuration list for PBXNativeTarget "VocabularyLogExtension" */;
			buildPhases = (
				CB2BDADA25EDD7FB0084735C /* Sources */,
				CB2BDADB25EDD7FB0084735C /* Frameworks */,
				CB2BDADC25EDD7FB0084735C /* Resources */,
			);
			buildRules = (
			);
			dependencies = (
			);
			name = VocabularyLogExtension;
			productName = VocabularyLogExtension;
			productReference = CB2BDADE25EDD7FB0084735C /* VocabularyLogExtension.appex */;
			productType = "com.apple.product-type.app-extension";
		};
/* End PBXNativeTarget section */

/* Begin PBXProject section */
		CB2BDABE25EDD7E90084735C /* Project object */ = {
			isa = PBXProject;
			attributes = {
				LastSwiftUpdateCheck = 1240;
				LastUpgradeCheck = 1240;
				TargetAttributes = {
					CB2BDAC525EDD7E90084735C = {
						CreatedOnToolsVersion = 12.4;
					};
					CB2BDADD25EDD7FB0084735C = {
						CreatedOnToolsVersion = 12.4;
					};
				};
			};
			buildConfigurationList = CB2BDAC125EDD7E90084735C /* Build configuration list for PBXProject "VocabularyLog" */;
			compatibilityVersion = "Xcode 9.3";
			developmentRegion = en;
			hasScannedForEncodings = 0;
			knownRegions = (
				en,
				Base,
			);
			mainGroup = CB2BDABD25EDD7E90084735C;
			productRefGroup = CB2BDAC725EDD7E90084735C /* Products */;
			projectDirPath = "";
			projectRoot = "";
			targets = (
				CB2BDAC525EDD7E90084735C /* VocabularyLog */,
				CB2BDADD25EDD7FB0084735C /* VocabularyLogExtension */,
			);
		};
/* End PBXProject section */

/* Begin PBXResourcesBuildPhase section */
		CB2BDAC425EDD7E90084735C /* Resources */ = {
			isa = PBXResourcesBuildPhase;
			buildActionMask = 2147483647;
			files = (
				CB2BDAD125EDD7EA0084735C /* Preview Assets.xcassets in Resources */,
				CB2BDACE25EDD7EA0084735C /* Assets.xcassets in Resources */,
			);
			runOnlyForDeploymentPostprocessing = 0;
		};
		CB2BDADC25EDD7FB0084735C /* Resources */ = {
			isa = PBXResourcesBuildPhase;
			buildActionMask = 2147483647;
			files = (
				CB5E493625F0E98D00A76BF1 /* compromise.js in Resources */,
				CB2BDAE925EDD7FB0084735C /* script.js in Resources */,
			);
			runOnlyForDeploymentPostprocessing = 0;
		};
/* End PBXResourcesBuildPhase section */

/* Begin PBXSourcesBuildPhase section */
		CB2BDAC225EDD7E90084735C /* Sources */ = {
			isa = PBXSourcesBuildPhase;
			buildActionMask = 2147483647;
			files = (
				CB2BDAFF25EDD8620084735C /* TermItem.swift in Sources */,
				CB2BDACC25EDD7E90084735C /* ContentView.swift in Sources */,
				CBCEB0AA25EEFF75002587E7 /* Shared.swift in Sources */,
				CB6E1CC025EF49ED00FE3964 /* AddWordSheet.swift in Sources */,
				CB2BDAFB25EDD8430084735C /* API.swift in Sources */,
				CB2BDACA25EDD7E90084735C /* VocabularyLogApp.swift in Sources */,
			);
			runOnlyForDeploymentPostprocessing = 0;
		};
		CB2BDADA25EDD7FB0084735C /* Sources */ = {
			isa = PBXSourcesBuildPhase;
			buildActionMask = 2147483647;
			files = (
				CB2BDAE425EDD7FB0084735C /* SafariExtensionHandler.swift in Sources */,
				CB29F0D925F0D40F006B6894 /* Shared.swift in Sources */,
			);
			runOnlyForDeploymentPostprocessing = 0;
		};
/* End PBXSourcesBuildPhase section */

/* Begin PBXTargetDependency section */
		CB2BDAF225EDD7FB0084735C /* PBXTargetDependency */ = {
			isa = PBXTargetDependency;
			target = CB2BDADD25EDD7FB0084735C /* VocabularyLogExtension */;
			targetProxy = CB2BDAF125EDD7FB0084735C /* PBXContainerItemProxy */;
		};
/* End PBXTargetDependency section */

/* Begin XCBuildConfiguration section */
		CB2BDAD425EDD7EA0084735C /* Debug */ = {
			isa = XCBuildConfiguration;
			buildSettings = {
				ALWAYS_SEARCH_USER_PATHS = NO;
				CLANG_ANALYZER_NONNULL = YES;
				CLANG_ANALYZER_NUMBER_OBJECT_CONVERSION = YES_AGGRESSIVE;
				CLANG_CXX_LANGUAGE_STANDARD = "gnu++14";
				CLANG_CXX_LIBRARY = "libc++";
				CLANG_ENABLE_MODULES = YES;
				CLANG_ENABLE_OBJC_ARC = YES;
				CLANG_ENABLE_OBJC_WEAK = YES;
				CLANG_WARN_BLOCK_CAPTURE_AUTORELEASING = YES;
				CLANG_WARN_BOOL_CONVERSION = YES;
				CLANG_WARN_COMMA = YES;
				CLANG_WARN_CONSTANT_CONVERSION = YES;
				CLANG_WARN_DEPRECATED_OBJC_IMPLEMENTATIONS = YES;
				CLANG_WARN_DIRECT_OBJC_ISA_USAGE = YES_ERROR;
				CLANG_WARN_DOCUMENTATION_COMMENTS = YES;
				CLANG_WARN_EMPTY_BODY = YES;
				CLANG_WARN_ENUM_CONVERSION = YES;
				CLANG_WARN_INFINITE_RECURSION = YES;
				CLANG_WARN_INT_CONVERSION = YES;
				CLANG_WARN_NON_LITERAL_NULL_CONVERSION = YES;
				CLANG_WARN_OBJC_IMPLICIT_RETAIN_SELF = YES;
				CLANG_WARN_OBJC_LITERAL_CONVERSION = YES;
				CLANG_WARN_OBJC_ROOT_CLASS = YES_ERROR;
				CLANG_WARN_QUOTED_INCLUDE_IN_FRAMEWORK_HEADER = YES;
				CLANG_WARN_RANGE_LOOP_ANALYSIS = YES;
				CLANG_WARN_STRICT_PROTOTYPES = YES;
				CLANG_WARN_SUSPICIOUS_MOVE = YES;
				CLANG_WARN_UNGUARDED_AVAILABILITY = YES_AGGRESSIVE;
				CLANG_WARN_UNREACHABLE_CODE = YES;
				CLANG_WARN__DUPLICATE_METHOD_MATCH = YES;
				COPY_PHASE_STRIP = NO;
				DEBUG_INFORMATION_FORMAT = dwarf;
				ENABLE_STRICT_OBJC_MSGSEND = YES;
				ENABLE_TESTABILITY = YES;
				GCC_C_LANGUAGE_STANDARD = gnu11;
				GCC_DYNAMIC_NO_PIC = NO;
				GCC_NO_COMMON_BLOCKS = YES;
				GCC_OPTIMIZATION_LEVEL = 0;
				GCC_PREPROCESSOR_DEFINITIONS = (
					"DEBUG=1",
					"$(inherited)",
				);
				GCC_WARN_64_TO_32_BIT_CONVERSION = YES;
				GCC_WARN_ABOUT_RETURN_TYPE = YES_ERROR;
				GCC_WARN_UNDECLARED_SELECTOR = YES;
				GCC_WARN_UNINITIALIZED_AUTOS = YES_AGGRESSIVE;
				GCC_WARN_UNUSED_FUNCTION = YES;
				GCC_WARN_UNUSED_VARIABLE = YES;
				MACOSX_DEPLOYMENT_TARGET = 11.0;
				MTL_ENABLE_DEBUG_INFO = INCLUDE_SOURCE;
				MTL_FAST_MATH = YES;
				ONLY_ACTIVE_ARCH = YES;
				SDKROOT = macosx;
				SWIFT_ACTIVE_COMPILATION_CONDITIONS = DEBUG;
				SWIFT_OPTIMIZATION_LEVEL = "-Onone";
			};
			name = Debug;
		};
		CB2BDAD525EDD7EA0084735C /* Release */ = {
			isa = XCBuildConfiguration;
			buildSettings = {
				ALWAYS_SEARCH_USER_PATHS = NO;
				CLANG_ANALYZER_NONNULL = YES;
				CLANG_ANALYZER_NUMBER_OBJECT_CONVERSION = YES_AGGRESSIVE;
				CLANG_CXX_LANGUAGE_STANDARD = "gnu++14";
				CLANG_CXX_LIBRARY = "libc++";
				CLANG_ENABLE_MODULES = YES;
				CLANG_ENABLE_OBJC_ARC = YES;
				CLANG_ENABLE_OBJC_WEAK = YES;
				CLANG_WARN_BLOCK_CAPTURE_AUTORELEASING = YES;
				CLANG_WARN_BOOL_CONVERSION = YES;
				CLANG_WARN_COMMA = YES;
				CLANG_WARN_CONSTANT_CONVERSION = YES;
				CLANG_WARN_DEPRECATED_OBJC_IMPLEMENTATIONS = YES;
				CLANG_WARN_DIRECT_OBJC_ISA_USAGE = YES_ERROR;
				CLANG_WARN_DOCUMENTATION_COMMENTS = YES;
				CLANG_WARN_EMPTY_BODY = YES;
				CLANG_WARN_ENUM_CONVERSION = YES;
				CLANG_WARN_INFINITE_RECURSION = YES;
				CLANG_WARN_INT_CONVERSION = YES;
				CLANG_WARN_NON_LITERAL_NULL_CONVERSION = YES;
				CLANG_WARN_OBJC_IMPLICIT_RETAIN_SELF = YES;
				CLANG_WARN_OBJC_LITERAL_CONVERSION = YES;
				CLANG_WARN_OBJC_ROOT_CLASS = YES_ERROR;
				CLANG_WARN_QUOTED_INCLUDE_IN_FRAMEWORK_HEADER = YES;
				CLANG_WARN_RANGE_LOOP_ANALYSIS = YES;
				CLANG_WARN_STRICT_PROTOTYPES = YES;
				CLANG_WARN_SUSPICIOUS_MOVE = YES;
				CLANG_WARN_UNGUARDED_AVAILABILITY = YES_AGGRESSIVE;
				CLANG_WARN_UNREACHABLE_CODE = YES;
				CLANG_WARN__DUPLICATE_METHOD_MATCH = YES;
				COPY_PHASE_STRIP = NO;
				DEBUG_INFORMATION_FORMAT = "dwarf-with-dsym";
				ENABLE_NS_ASSERTIONS = NO;
				ENABLE_STRICT_OBJC_MSGSEND = YES;
				GCC_C_LANGUAGE_STANDARD = gnu11;
				GCC_NO_COMMON_BLOCKS = YES;
				GCC_WARN_64_TO_32_BIT_CONVERSION = YES;
				GCC_WARN_ABOUT_RETURN_TYPE = YES_ERROR;
				GCC_WARN_UNDECLARED_SELECTOR = YES;
				GCC_WARN_UNINITIALIZED_AUTOS = YES_AGGRESSIVE;
				GCC_WARN_UNUSED_FUNCTION = YES;
				GCC_WARN_UNUSED_VARIABLE = YES;
				MACOSX_DEPLOYMENT_TARGET = 11.0;
				MTL_ENABLE_DEBUG_INFO = NO;
				MTL_FAST_MATH = YES;
				SDKROOT = macosx;
				SWIFT_COMPILATION_MODE = wholemodule;
				SWIFT_OPTIMIZATION_LEVEL = "-O";
			};
			name = Release;
		};
		CB2BDAD725EDD7EA0084735C /* Debug */ = {
			isa = XCBuildConfiguration;
			buildSettings = {
				ALWAYS_EMBED_SWIFT_STANDARD_LIBRARIES = YES;
				ASSETCATALOG_COMPILER_APPICON_NAME = AppIcon;
				ASSETCATALOG_COMPILER_GLOBAL_ACCENT_COLOR_NAME = AccentColor;
				CODE_SIGN_ENTITLEMENTS = VocabularyLog/VocabularyLog.entitlements;
				CODE_SIGN_STYLE = Automatic;
				COMBINE_HIDPI_IMAGES = YES;
				CURRENT_PROJECT_VERSION = 8;
				DEVELOPMENT_ASSET_PATHS = "\"VocabularyLog/Preview Content\"";
				DEVELOPMENT_TEAM = L27L4K8SQU;
				ENABLE_HARDENED_RUNTIME = YES;
				ENABLE_PREVIEWS = YES;
				INFOPLIST_FILE = VocabularyLog/Info.plist;
				LD_RUNPATH_SEARCH_PATHS = (
					"$(inherited)",
					"@executable_path/../Frameworks",
				);
				MACOSX_DEPLOYMENT_TARGET = 11.0;
				MARKETING_VERSION = 1.1;
				PRODUCT_BUNDLE_IDENTIFIER = shockerella.VocabularyLog;
				PRODUCT_NAME = "$(TARGET_NAME)";
				SWIFT_VERSION = 5.0;
			};
			name = Debug;
		};
		CB2BDAD825EDD7EA0084735C /* Release */ = {
			isa = XCBuildConfiguration;
			buildSettings = {
				ALWAYS_EMBED_SWIFT_STANDARD_LIBRARIES = YES;
				ASSETCATALOG_COMPILER_APPICON_NAME = AppIcon;
				ASSETCATALOG_COMPILER_GLOBAL_ACCENT_COLOR_NAME = AccentColor;
				CODE_SIGN_ENTITLEMENTS = VocabularyLog/VocabularyLog.entitlements;
				CODE_SIGN_STYLE = Automatic;
				COMBINE_HIDPI_IMAGES = YES;
				CURRENT_PROJECT_VERSION = 8;
				DEVELOPMENT_ASSET_PATHS = "\"VocabularyLog/Preview Content\"";
				DEVELOPMENT_TEAM = L27L4K8SQU;
				ENABLE_HARDENED_RUNTIME = YES;
				ENABLE_PREVIEWS = YES;
				INFOPLIST_FILE = VocabularyLog/Info.plist;
				LD_RUNPATH_SEARCH_PATHS = (
					"$(inherited)",
					"@executable_path/../Frameworks",
				);
				MACOSX_DEPLOYMENT_TARGET = 11.0;
				MARKETING_VERSION = 1.1;
				PRODUCT_BUNDLE_IDENTIFIER = shockerella.VocabularyLog;
				PRODUCT_NAME = "$(TARGET_NAME)";
				SWIFT_VERSION = 5.0;
			};
			name = Release;
		};
		CB2BDAF525EDD7FB0084735C /* Debug */ = {
			isa = XCBuildConfiguration;
			buildSettings = {
				CODE_SIGN_ENTITLEMENTS = VocabularyLogExtension/VocabularyLogExtension.entitlements;
				CODE_SIGN_STYLE = Automatic;
				CURRENT_PROJECT_VERSION = 8;
				DEVELOPMENT_TEAM = L27L4K8SQU;
				ENABLE_HARDENED_RUNTIME = YES;
				INFOPLIST_FILE = VocabularyLogExtension/Info.plist;
				LD_RUNPATH_SEARCH_PATHS = (
					"$(inherited)",
					"@executable_path/../Frameworks",
					"@executable_path/../../../../Frameworks",
				);
				MACOSX_DEPLOYMENT_TARGET = 11.0;
				MARKETING_VERSION = 1.1;
				PRODUCT_BUNDLE_IDENTIFIER = shockerella.VocabularyLog.VocabularyLogExtension;
				PRODUCT_NAME = "$(TARGET_NAME)";
				SKIP_INSTALL = YES;
				SWIFT_VERSION = 5.0;
			};
			name = Debug;
		};
		CB2BDAF625EDD7FB0084735C /* Release */ = {
			isa = XCBuildConfiguration;
			buildSettings = {
				CODE_SIGN_ENTITLEMENTS = VocabularyLogExtension/VocabularyLogExtension.entitlements;
				CODE_SIGN_STYLE = Automatic;
				CURRENT_PROJECT_VERSION = 8;
				DEVELOPMENT_TEAM = L27L4K8SQU;
				ENABLE_HARDENED_RUNTIME = YES;
				INFOPLIST_FILE = VocabularyLogExtension/Info.plist;
				LD_RUNPATH_SEARCH_PATHS = (
					"$(inherited)",
					"@executable_path/../Frameworks",
					"@executable_path/../../../../Frameworks",
				);
				MACOSX_DEPLOYMENT_TARGET = 11.0;
				MARKETING_VERSION = 1.1;
				PRODUCT_BUNDLE_IDENTIFIER = shockerella.VocabularyLog.VocabularyLogExtension;
				PRODUCT_NAME = "$(TARGET_NAME)";
				SKIP_INSTALL = YES;
				SWIFT_VERSION = 5.0;
			};
			name = Release;
		};
/* End XCBuildConfiguration section */

/* Begin XCConfigurationList section */
		CB2BDAC125EDD7E90084735C /* Build configuration list for PBXProject "VocabularyLog" */ = {
			isa = XCConfigurationList;
			buildConfigurations = (
				CB2BDAD425EDD7EA0084735C /* Debug */,
				CB2BDAD525EDD7EA0084735C /* Release */,
			);
			defaultConfigurationIsVisible = 0;
			defaultConfigurationName = Release;
		};
		CB2BDAD625EDD7EA0084735C /* Build configuration list for PBXNativeTarget "VocabularyLog" */ = {
			isa = XCConfigurationList;
			buildConfigurations = (
				CB2BDAD725EDD7EA0084735C /* Debug */,
				CB2BDAD825EDD7EA0084735C /* Release */,
			);
			defaultConfigurationIsVisible = 0;
			defaultConfigurationName = Release;
		};
		CB2BDAF425EDD7FB0084735C /* Build configuration list for PBXNativeTarget "VocabularyLogExtension" */ = {
			isa = XCConfigurationList;
			buildConfigurations = (
				CB2BDAF525EDD7FB0084735C /* Debug */,
				CB2BDAF625EDD7FB0084735C /* Release */,
			);
			defaultConfigurationIsVisible = 0;
			defaultConfigurationName = Release;
		};
/* End XCConfigurationList section */
	};
	rootObject = CB2BDABE25EDD7E90084735C /* Project object */;
}
